
Microsoft Visual Studio Solution File, Format Version 12.00
# Visual Studio 14
VisualStudioVersion = 14.0.25420.1
MinimumVisualStudioVersion = 10.0.40219.1
Project("{FAE04EC0-301F-11D3-BF4B-00C04F79EFBC}") = "01.CharityMarathon", "01.CharityMarathon\01.CharityMarathon.csproj", "{9BB26478-8276-40F1-B476-C7C27310DF21}"
EndProject
Project("{FAE04EC0-301F-11D3-BF4B-00C04F79EFBC}") = "04.RoliTheCoder", "04.RoliTheCoder\04.RoliTheCoder.csproj", "{489E7BDF-FC66-44ED-BA35-CF02AF951D4B}"
EndProject
Project("{FAE04EC0-301F-11D3-BF4B-00C04F79EFBC}") = "03.NetherRealms", "03.NetherRealms\03.NetherRealms.csproj", "{B7A48150-DEFD-427B-8802-704C9DD2A8FB}"
EndProject
Project("{FAE04EC0-301F-11D3-BF4B-00C04F79EFBC}") = "02.LadyBugs", "02.LadyBugs\02.LadyBugs.csproj", "{93023E78-855E-4C81-8091-747B408C4503}"
EndProject
Global
	GlobalSection(SolutionConfigurationPlatforms) = preSolution
		Debug|Any CPU = Debug|Any CPU
		Release|Any CPU = Release|Any CPU
	EndGlobalSection
	GlobalSection(ProjectConfigurationPlatforms) = postSolution
		{9BB26478-8276-40F1-B476-C7C27310DF21}.Debug|Any CPU.ActiveCfg = Debug|Any CPU
		{9BB26478-8276-40F1-B476-C7C27310DF21}.Debug|Any CPU.Build.0 = Debug|Any CPU
		{9BB26478-8276-40F1-B476-C7C27310DF21}.Release|Any CPU.ActiveCfg = Release|Any CPU
		{9BB26478-8276-40F1-B476-C7C27310DF21}.Release|Any CPU.Build.0 = Release|Any CPU
		{489E7BDF-FC66-44ED-BA35-CF02AF951D4B}.Debug|Any CPU.ActiveCfg = Debug|Any CPU
		{489E7BDF-FC66-44ED-BA35-CF02AF951D4B}.Debug|Any CPU.Build.0 = Debug|Any CPU
		{489E7BDF-FC66-44ED-BA35-CF02AF951D4B}.Release|Any CPU.ActiveCfg = Release|Any CPU
		{489E7BDF-FC66-44ED-BA35-CF02AF951D4B}.Release|Any CPU.Build.0 = Release|Any CPU
		{B7A48150-DEFD-427B-8802-704C9DD2A8FB}.Debug|Any CPU.ActiveCfg = Debug|Any CPU
		{B7A48150-DEFD-427B-8802-704C9DD2A8FB}.Debug|Any CPU.Build.0 = Debug|Any CPU
		{B7A48150-DEFD-427B-8802-704C9DD2A8FB}.Release|Any CPU.ActiveCfg = Release|Any CPU
		{B7A48150-DEFD-427B-8802-704C9DD2A8FB}.Release|Any CPU.Build.0 = Release|Any CPU
		{93023E78-855E-4C81-8091-747B408C4503}.Debug|Any CPU.ActiveCfg = Debug|Any CPU
		{93023E78-855E-4C81-8091-747B408C4503}.Debug|Any CPU.Build.0 = Debug|Any CPU
		{93023E78-855E-4C81-8091-747B408C4503}.Release|Any CPU.ActiveCfg = Release|Any CPU
		{93023E78-855E-4C81-8091-747B408C4503}.Release|Any CPU.Build.0 = Release|Any CPU
	EndGlobalSection
	GlobalSection(SolutionProperties) = preSolution
		HideSolutionNode = FALSE
	EndGlobalSection
EndGlobal
